
Microsoft Visual Studio Solution File, Format Version 12.00
# Visual Studio Version 17
VisualStudioVersion = 17.9.34728.123
MinimumVisualStudioVersion = 10.0.40219.1
Project("{2150E333-8FDC-42A3-9474-1A3956D46DE8}") = "Services", "Services", "{746D33C9-C345-4EE6-8A43-ACA6F9F91C48}"
EndProject
Project("{2150E333-8FDC-42A3-9474-1A3956D46DE8}") = "Catalog", "Catalog", "{A576321F-A567-4786-AAC9-44849BCE298D}"
EndProject
Project("{9A19103F-16F7-4668-BE54-9A1E7A4F7556}") = "MultiShop.Catalog", "Services\Catalog\MultiShop.Catalog\MultiShop.Catalog.csproj", "{B9DB1C5E-A053-46A1-A6D9-735F3BE1ABB1}"
EndProject
Project("{2150E333-8FDC-42A3-9474-1A3956D46DE8}") = "Discount", "Discount", "{C21DFB0F-89F5-4BC9-8666-7D3FAC07401E}"
EndProject
Project("{9A19103F-16F7-4668-BE54-9A1E7A4F7556}") = "MultiShop.Discount", "Services\Discount\MultiShop.Discount\MultiShop.Discount.csproj", "{F4D52B0B-8B7B-4733-A06F-2B437ACE75A9}"
EndProject
Project("{2150E333-8FDC-42A3-9474-1A3956D46DE8}") = "Order", "Order", "{1651C367-8943-4D13-89C8-1869F1C10250}"
EndProject
Project("{2150E333-8FDC-42A3-9474-1A3956D46DE8}") = "Core", "Core", "{B4EF4387-7D04-44D1-9B21-26510582D59C}"
EndProject
Project("{2150E333-8FDC-42A3-9474-1A3956D46DE8}") = "Infrastructure", "Infrastructure", "{302C1E8C-134D-44CE-9AF4-3BEF6510274D}"
EndProject
Project("{2150E333-8FDC-42A3-9474-1A3956D46DE8}") = "Presentation", "Presentation", "{966E2B1F-7A8D-4BB3-B3C1-7FEDF2CC00D1}"
EndProject
Project("{9A19103F-16F7-4668-BE54-9A1E7A4F7556}") = "MultiShop.Order.Application", "Services\Order\Core\MultiShop.Order.Application\MultiShop.Order.Application.csproj", "{37579AFF-F802-4720-B528-24C35A209E6A}"
EndProject
Project("{9A19103F-16F7-4668-BE54-9A1E7A4F7556}") = "MultiShop.Order.Domain", "Services\Order\Core\MultiShop.Order.Domain\MultiShop.Order.Domain.csproj", "{74D24D9B-F206-47AB-B6A2-DAFFCC1E3344}"
EndProject
Project("{9A19103F-16F7-4668-BE54-9A1E7A4F7556}") = "MultiShop.Order.Persistence", "Services\Order\Infrastructure\MultiShop.Order.Persistence\MultiShop.Order.Persistence.csproj", "{B58F7CF8-CA06-49B6-8BE7-6518D735F6EA}"
EndProject
Project("{9A19103F-16F7-4668-BE54-9A1E7A4F7556}") = "MultiShop.Order.WebApi", "Services\Order\Presentation\MultiShop.Order.WebApi\MultiShop.Order.WebApi.csproj", "{F787AAC4-7488-423F-A49F-EBBF15BE3A92}"
EndProject
Project("{2150E333-8FDC-42A3-9474-1A3956D46DE8}") = "IdentityServer", "IdentityServer", "{335FAAFB-AB69-4A4A-8AE8-2EA563D8DE85}"
EndProject
Project("{9A19103F-16F7-4668-BE54-9A1E7A4F7556}") = "MultiShop.IdentityServer", "IdentityServer\MultiShop.IdentityServer\MultiShop.IdentityServer.csproj", "{82EFC0EC-ECD9-4DB0-A0BB-679283EA97A7}"
EndProject
Project("{2150E333-8FDC-42A3-9474-1A3956D46DE8}") = "Requirements", "Requirements", "{BA38FEE1-79B5-4E45-B6C2-303F3965A635}"
	ProjectSection(SolutionItems) = preProject
		PortNumbers.txt = PortNumbers.txt
	EndProjectSection
EndProject
Project("{2150E333-8FDC-42A3-9474-1A3956D46DE8}") = "Cargo", "Cargo", "{3375DE07-07F8-43CE-A28A-C8F88C68A216}"
EndProject
Project("{FAE04EC0-301F-11D3-BF4B-00C04F79EFBC}") = "MultiShop.Cargo.EntityLayer", "Services\Cargo\MultiShop.Cargo.EntityLayer\MultiShop.Cargo.EntityLayer.csproj", "{858C5175-DFF4-45BF-996A-ECCB64D8632C}"
EndProject
Project("{FAE04EC0-301F-11D3-BF4B-00C04F79EFBC}") = "MultiShop.Cargo.BusinessLayer", "Services\Cargo\MultiShop.Cargo.BusinessLayer\MultiShop.Cargo.BusinessLayer.csproj", "{6E81186C-4EB2-418F-977A-165508D75C71}"
EndProject
Project("{FAE04EC0-301F-11D3-BF4B-00C04F79EFBC}") = "MultiShop.Cargo.DataAccessLayer", "Services\Cargo\MultiShop.Cargo.DataAccessLayer\MultiShop.Cargo.DataAccessLayer.csproj", "{0E3BDDF0-40C6-4E25-A817-790456C838A1}"
EndProject
Project("{FAE04EC0-301F-11D3-BF4B-00C04F79EFBC}") = "MultiShop.Cargo.DtoLayer", "Services\Cargo\MultiShop.Cargo.DtoLayer\MultiShop.Cargo.DtoLayer.csproj", "{3DB57322-157C-4E68-A6D4-403BA8A05932}"
EndProject
Project("{FAE04EC0-301F-11D3-BF4B-00C04F79EFBC}") = "MultiShop.Cargo.WebApi", "Services\Cargo\MultiShop.Cargo.WebApi\MultiShop.Cargo.WebApi.csproj", "{EE50559B-DBC5-4E85-817A-49216CD7BFC5}"
EndProject
Global
	GlobalSection(SolutionConfigurationPlatforms) = preSolution
		Debug|Any CPU = Debug|Any CPU
		Release|Any CPU = Release|Any CPU
	EndGlobalSection
	GlobalSection(ProjectConfigurationPlatforms) = postSolution
		{B9DB1C5E-A053-46A1-A6D9-735F3BE1ABB1}.Debug|Any CPU.ActiveCfg = Debug|Any CPU
		{B9DB1C5E-A053-46A1-A6D9-735F3BE1ABB1}.Debug|Any CPU.Build.0 = Debug|Any CPU
		{B9DB1C5E-A053-46A1-A6D9-735F3BE1ABB1}.Release|Any CPU.ActiveCfg = Release|Any CPU
		{B9DB1C5E-A053-46A1-A6D9-735F3BE1ABB1}.Release|Any CPU.Build.0 = Release|Any CPU
		{F4D52B0B-8B7B-4733-A06F-2B437ACE75A9}.Debug|Any CPU.ActiveCfg = Debug|Any CPU
		{F4D52B0B-8B7B-4733-A06F-2B437ACE75A9}.Debug|Any CPU.Build.0 = Debug|Any CPU
		{F4D52B0B-8B7B-4733-A06F-2B437ACE75A9}.Release|Any CPU.ActiveCfg = Release|Any CPU
		{F4D52B0B-8B7B-4733-A06F-2B437ACE75A9}.Release|Any CPU.Build.0 = Release|Any CPU
		{37579AFF-F802-4720-B528-24C35A209E6A}.Debug|Any CPU.ActiveCfg = Debug|Any CPU
		{37579AFF-F802-4720-B528-24C35A209E6A}.Debug|Any CPU.Build.0 = Debug|Any CPU
		{37579AFF-F802-4720-B528-24C35A209E6A}.Release|Any CPU.ActiveCfg = Release|Any CPU
		{37579AFF-F802-4720-B528-24C35A209E6A}.Release|Any CPU.Build.0 = Release|Any CPU
		{74D24D9B-F206-47AB-B6A2-DAFFCC1E3344}.Debug|Any CPU.ActiveCfg = Debug|Any CPU
		{74D24D9B-F206-47AB-B6A2-DAFFCC1E3344}.Debug|Any CPU.Build.0 = Debug|Any CPU
		{74D24D9B-F206-47AB-B6A2-DAFFCC1E3344}.Release|Any CPU.ActiveCfg = Release|Any CPU
		{74D24D9B-F206-47AB-B6A2-DAFFCC1E3344}.Release|Any CPU.Build.0 = Release|Any CPU
		{B58F7CF8-CA06-49B6-8BE7-6518D735F6EA}.Debug|Any CPU.ActiveCfg = Debug|Any CPU
		{B58F7CF8-CA06-49B6-8BE7-6518D735F6EA}.Debug|Any CPU.Build.0 = Debug|Any CPU
		{B58F7CF8-CA06-49B6-8BE7-6518D735F6EA}.Release|Any CPU.ActiveCfg = Release|Any CPU
		{B58F7CF8-CA06-49B6-8BE7-6518D735F6EA}.Release|Any CPU.Build.0 = Release|Any CPU
		{F787AAC4-7488-423F-A49F-EBBF15BE3A92}.Debug|Any CPU.ActiveCfg = Debug|Any CPU
		{F787AAC4-7488-423F-A49F-EBBF15BE3A92}.Debug|Any CPU.Build.0 = Debug|Any CPU
		{F787AAC4-7488-423F-A49F-EBBF15BE3A92}.Release|Any CPU.ActiveCfg = Release|Any CPU
		{F787AAC4-7488-423F-A49F-EBBF15BE3A92}.Release|Any CPU.Build.0 = Release|Any CPU
		{82EFC0EC-ECD9-4DB0-A0BB-679283EA97A7}.Debug|Any CPU.ActiveCfg = Debug|Any CPU
		{82EFC0EC-ECD9-4DB0-A0BB-679283EA97A7}.Debug|Any CPU.Build.0 = Debug|Any CPU
		{82EFC0EC-ECD9-4DB0-A0BB-679283EA97A7}.Release|Any CPU.ActiveCfg = Release|Any CPU
		{82EFC0EC-ECD9-4DB0-A0BB-679283EA97A7}.Release|Any CPU.Build.0 = Release|Any CPU
		{858C5175-DFF4-45BF-996A-ECCB64D8632C}.Debug|Any CPU.ActiveCfg = Debug|Any CPU
		{858C5175-DFF4-45BF-996A-ECCB64D8632C}.Debug|Any CPU.Build.0 = Debug|Any CPU
		{858C5175-DFF4-45BF-996A-ECCB64D8632C}.Release|Any CPU.ActiveCfg = Release|Any CPU
		{858C5175-DFF4-45BF-996A-ECCB64D8632C}.Release|Any CPU.Build.0 = Release|Any CPU
		{6E81186C-4EB2-418F-977A-165508D75C71}.Debug|Any CPU.ActiveCfg = Debug|Any CPU
		{6E81186C-4EB2-418F-977A-165508D75C71}.Debug|Any CPU.Build.0 = Debug|Any CPU
		{6E81186C-4EB2-418F-977A-165508D75C71}.Release|Any CPU.ActiveCfg = Release|Any CPU
		{6E81186C-4EB2-418F-977A-165508D75C71}.Release|Any CPU.Build.0 = Release|Any CPU
		{0E3BDDF0-40C6-4E25-A817-790456C838A1}.Debug|Any CPU.ActiveCfg = Debug|Any CPU
		{0E3BDDF0-40C6-4E25-A817-790456C838A1}.Debug|Any CPU.Build.0 = Debug|Any CPU
		{0E3BDDF0-40C6-4E25-A817-790456C838A1}.Release|Any CPU.ActiveCfg = Release|Any CPU
		{0E3BDDF0-40C6-4E25-A817-790456C838A1}.Release|Any CPU.Build.0 = Release|Any CPU
		{3DB57322-157C-4E68-A6D4-403BA8A05932}.Debug|Any CPU.ActiveCfg = Debug|Any CPU
		{3DB57322-157C-4E68-A6D4-403BA8A05932}.Debug|Any CPU.Build.0 = Debug|Any CPU
		{3DB57322-157C-4E68-A6D4-403BA8A05932}.Release|Any CPU.ActiveCfg = Release|Any CPU
		{3DB57322-157C-4E68-A6D4-403BA8A05932}.Release|Any CPU.Build.0 = Release|Any CPU
		{EE50559B-DBC5-4E85-817A-49216CD7BFC5}.Debug|Any CPU.ActiveCfg = Debug|Any CPU
		{EE50559B-DBC5-4E85-817A-49216CD7BFC5}.Debug|Any CPU.Build.0 = Debug|Any CPU
		{EE50559B-DBC5-4E85-817A-49216CD7BFC5}.Release|Any CPU.ActiveCfg = Release|Any CPU
		{EE50559B-DBC5-4E85-817A-49216CD7BFC5}.Release|Any CPU.Build.0 = Release|Any CPU
	EndGlobalSection
	GlobalSection(SolutionProperties) = preSolution
		HideSolutionNode = FALSE
	EndGlobalSection
	GlobalSection(NestedProjects) = preSolution
		{A576321F-A567-4786-AAC9-44849BCE298D} = {746D33C9-C345-4EE6-8A43-ACA6F9F91C48}
		{B9DB1C5E-A053-46A1-A6D9-735F3BE1ABB1} = {A576321F-A567-4786-AAC9-44849BCE298D}
		{C21DFB0F-89F5-4BC9-8666-7D3FAC07401E} = {746D33C9-C345-4EE6-8A43-ACA6F9F91C48}
		{F4D52B0B-8B7B-4733-A06F-2B437ACE75A9} = {C21DFB0F-89F5-4BC9-8666-7D3FAC07401E}
		{1651C367-8943-4D13-89C8-1869F1C10250} = {746D33C9-C345-4EE6-8A43-ACA6F9F91C48}
		{B4EF4387-7D04-44D1-9B21-26510582D59C} = {1651C367-8943-4D13-89C8-1869F1C10250}
		{302C1E8C-134D-44CE-9AF4-3BEF6510274D} = {1651C367-8943-4D13-89C8-1869F1C10250}
		{966E2B1F-7A8D-4BB3-B3C1-7FEDF2CC00D1} = {1651C367-8943-4D13-89C8-1869F1C10250}
		{37579AFF-F802-4720-B528-24C35A209E6A} = {B4EF4387-7D04-44D1-9B21-26510582D59C}
		{74D24D9B-F206-47AB-B6A2-DAFFCC1E3344} = {B4EF4387-7D04-44D1-9B21-26510582D59C}
		{B58F7CF8-CA06-49B6-8BE7-6518D735F6EA} = {302C1E8C-134D-44CE-9AF4-3BEF6510274D}
		{F787AAC4-7488-423F-A49F-EBBF15BE3A92} = {966E2B1F-7A8D-4BB3-B3C1-7FEDF2CC00D1}
		{82EFC0EC-ECD9-4DB0-A0BB-679283EA97A7} = {335FAAFB-AB69-4A4A-8AE8-2EA563D8DE85}
		{3375DE07-07F8-43CE-A28A-C8F88C68A216} = {746D33C9-C345-4EE6-8A43-ACA6F9F91C48}
		{858C5175-DFF4-45BF-996A-ECCB64D8632C} = {3375DE07-07F8-43CE-A28A-C8F88C68A216}
		{6E81186C-4EB2-418F-977A-165508D75C71} = {3375DE07-07F8-43CE-A28A-C8F88C68A216}
		{0E3BDDF0-40C6-4E25-A817-790456C838A1} = {3375DE07-07F8-43CE-A28A-C8F88C68A216}
		{3DB57322-157C-4E68-A6D4-403BA8A05932} = {3375DE07-07F8-43CE-A28A-C8F88C68A216}
		{EE50559B-DBC5-4E85-817A-49216CD7BFC5} = {3375DE07-07F8-43CE-A28A-C8F88C68A216}
	EndGlobalSection
	GlobalSection(ExtensibilityGlobals) = postSolution
		SolutionGuid = {BAA9DAC9-1B26-4AFD-A985-629DE5E88624}
	EndGlobalSection
EndGlobal
